Microsoft Visual Studio Solution File, Format Version 12.00
# Visual Studio Version 17
VisualStudioVersion = 17.5.2.0
MinimumVisualStudioVersion = 10.0.40219.1
Project("{FAE04EC0-301F-11D3-BF4B-00C04F79EFBC}") = "GenericStackApp", "GenericStackApp.csproj", "{EB3FD9B4-DC92-0B6B-B9D2-5E0C6CA8E914}"
EndProject
Global
	GlobalSection(SolutionConfigurationPlatforms) = preSolution
		Debug|Any CPU = Debug|Any CPU
		Release|Any CPU = Release|Any CPU
	EndGlobalSection
	GlobalSection(ProjectConfigurationPlatforms) = postSolution
		{EB3FD9B4-DC92-0B6B-B9D2-5E0C6CA8E914}.Debug|Any CPU.ActiveCfg = Debug|Any CPU
		{EB3FD9B4-DC92-0B6B-B9D2-5E0C6CA8E914}.Debug|Any CPU.Build.0 = Debug|Any CPU
		{EB3FD9B4-DC92-0B6B-B9D2-5E0C6CA8E914}.Release|Any CPU.ActiveCfg = Release|Any CPU
		{EB3FD9B4-DC92-0B6B-B9D2-5E0C6CA8E914}.Release|Any CPU.Build.0 = Release|Any CPU
	EndGlobalSection
	GlobalSection(SolutionProperties) = preSolution
		HideSolutionNode = FALSE
	EndGlobalSection
	GlobalSection(ExtensibilityGlobals) = postSolution
		SolutionGuid = {E06E7F6E-F296-4771-A249-52823ED23C07}
	EndGlobalSection
EndGlobal
